
Microsoft Visual Studio Solution File, Format Version 12.00
# Visual Studio Version 16
VisualStudioVersion = 16.0.31729.503
MinimumVisualStudioVersion = 10.0.40219.1
Project("{FAE04EC0-301F-11D3-BF4B-00C04F79EFBC}") = "Hatane Yönetim otomasyonu", "Hatane Yönetim otomasyonu\Hatane Yönetim otomasyonu.csproj", "{A08A87A3-C528-462A-83DB-912330A02174}"
EndProject
Global
	GlobalSection(SolutionConfigurationPlatforms) = preSolution
		Debug|Any CPU = Debug|Any CPU
		Release|Any CPU = Release|Any CPU
	EndGlobalSection
	GlobalSection(ProjectConfigurationPlatforms) = postSolution
		{A08A87A3-C528-462A-83DB-912330A02174}.Debug|Any CPU.ActiveCfg = Debug|Any CPU
		{A08A87A3-C528-462A-83DB-912330A02174}.Debug|Any CPU.Build.0 = Debug|Any CPU
		{A08A87A3-C528-462A-83DB-912330A02174}.Release|Any CPU.ActiveCfg = Release|Any CPU
		{A08A87A3-C528-462A-83DB-912330A02174}.Release|Any CPU.Build.0 = Release|Any CPU
	EndGlobalSection
	GlobalSection(SolutionProperties) = preSolution
		HideSolutionNode = FALSE
	EndGlobalSection
	GlobalSection(ExtensibilityGlobals) = postSolution
		SolutionGuid = {697DA014-7411-4448-9CF6-1F3E78FBC48E}
	EndGlobalSection
EndGlobal
